
Microsoft Visual Studio Solution File, Format Version 12.00
# Visual Studio 15
Project("{FAE04EC0-301F-11D3-BF4B-00C04F79EFBC}") = "websoftProject", "websoftProject.csproj", "{B75A52CC-C80A-432C-91E9-B1E9485AEAD5}"
EndProject
Global
	GlobalSection(SolutionConfigurationPlatforms) = preSolution
		Debug|Any CPU = Debug|Any CPU
		Release|Any CPU = Release|Any CPU
	EndGlobalSection
	GlobalSection(ProjectConfigurationPlatforms) = postSolution
		{B75A52CC-C80A-432C-91E9-B1E9485AEAD5}.Debug|Any CPU.ActiveCfg = Debug|Any CPU
		{B75A52CC-C80A-432C-91E9-B1E9485AEAD5}.Debug|Any CPU.Build.0 = Debug|Any CPU
		{B75A52CC-C80A-432C-91E9-B1E9485AEAD5}.Release|Any CPU.ActiveCfg = Release|Any CPU
		{B75A52CC-C80A-432C-91E9-B1E9485AEAD5}.Release|Any CPU.Build.0 = Release|Any CPU
	EndGlobalSection
EndGlobal
